{
  "name": "@openedx/openedx-translations-js-validation",
  "lockfileVersion": 3,
  "requires": true,
  "packages": {
    "": {
      "name": "@openedx/openedx-translations-js-validation",
      "hasInstallScript": true,
      "license": "CC-BY-SA-4.0",
      "devDependencies": {
        "@formatjs/cli": "^6.14.3"
      }
    },
    "node_modules/@formatjs/cli": {
      "version": "6.14.3",
      "resolved": "https://registry.npmjs.org/@formatjs/cli/-/cli-6.14.3.tgz",
      "integrity": "sha512-CDJmPZCkOvUV1ick+kD6lwFnCC8fDSek7am8i6Ao8qKefiute4RVgoKDLqlCppWJzG+FaFaTHEODEIrNc0w2oQ==",
      "dev": true,
      "license": "MIT",
      "bin": {
        "formatjs": "bin/formatjs"
      },
      "engines": {
        "node": ">= 20.12.0"
      },
      "peerDependencies": {
        "@glimmer/syntax": "^0.84.3 || ^0.95.0",
        "@vue/compiler-core": "^3.5.0",
        "content-tag": "^4.1.0",
        "vue": "^3.5.0"
      },
      "peerDependenciesMeta": {
        "@glimmer/env": {
          "optional": true
        },
        "@glimmer/reference": {
          "optional": true
        },
        "@glimmer/syntax": {
          "optional": true
        },
        "@glimmer/validator": {
          "optional": true
        },
        "@vue/compiler-core": {
          "optional": true
        },
        "content-tag": {
          "optional": true
        },
        "vue": {
          "optional": true
        }
      }
    }
  }
}
